// !$*UTF8*$!
{
	archiveVersion = 1;
	classes = {
	};
	objectVersion = 56;
	objects = {

/* Begin PBXBuildFile section */
		A98AB97B2AFC911800415856 /* FetchRecipesApp.swift in Sources */ = {isa = PBXBuildFile; fileRef = A98AB97A2AFC911800415856 /* FetchRecipesApp.swift */; };
		A98AB97F2AFC911A00415856 /* Assets.xcassets in Resources */ = {isa = PBXBuildFile; fileRef = A98AB97E2AFC911A00415856 /* Assets.xcassets */; };
		A98AB9832AFC911A00415856 /* Preview Assets.xcassets in Resources */ = {isa = PBXBuildFile; fileRef = A98AB9822AFC911A00415856 /* Preview Assets.xcassets */; };
		A98AB98D2AFC911A00415856 /* FetchRecipesTests.swift in Sources */ = {isa = PBXBuildFile; fileRef = A98AB98C2AFC911A00415856 /* FetchRecipesTests.swift */; };
		A98AB9972AFC911A00415856 /* FetchRecipesUITests.swift in Sources */ = {isa = PBXBuildFile; fileRef = A98AB9962AFC911A00415856 /* FetchRecipesUITests.swift */; };
		A98AB9992AFC911A00415856 /* FetchRecipesUITestsLaunchTests.swift in Sources */ = {isa = PBXBuildFile; fileRef = A98AB9982AFC911A00415856 /* FetchRecipesUITestsLaunchTests.swift */; };
		A98AB9AC2AFCA24200415856 /* Meal.swift in Sources */ = {isa = PBXBuildFile; fileRef = A98AB9AB2AFCA24200415856 /* Meal.swift */; };
		A98AB9AE2AFCA25200415856 /* MealsResponse.swift in Sources */ = {isa = PBXBuildFile; fileRef = A98AB9AD2AFCA25200415856 /* MealsResponse.swift */; };
		A98AB9B02AFCA25E00415856 /* MealDetail.swift in Sources */ = {isa = PBXBuildFile; fileRef = A98AB9AF2AFCA25E00415856 /* MealDetail.swift */; };
		A98AB9B22AFCA2CF00415856 /* APIService.swift in Sources */ = {isa = PBXBuildFile; fileRef = A98AB9B12AFCA2CF00415856 /* APIService.swift */; };
		A98AB9B42AFCA3A100415856 /* MealsViewModel.swift in Sources */ = {isa = PBXBuildFile; fileRef = A98AB9B32AFCA3A100415856 /* MealsViewModel.swift */; };
		A98AB9B62AFCA3E900415856 /* MealsListView.swift in Sources */ = {isa = PBXBuildFile; fileRef = A98AB9B52AFCA3E900415856 /* MealsListView.swift */; };
		A98AB9B82AFCA63500415856 /* MealDetailView.swift in Sources */ = {isa = PBXBuildFile; fileRef = A98AB9B72AFCA63500415856 /* MealDetailView.swift */; };
		A98AB9BA2AFCB4DC00415856 /* MealDetailViewModel.swift in Sources */ = {isa = PBXBuildFile; fileRef = A98AB9B92AFCB4DC00415856 /* MealDetailViewModel.swift */; };
		A98AB9BC2AFCBCED00415856 /* MealDetailResponse.swift in Sources */ = {isa = PBXBuildFile; fileRef = A98AB9BB2AFCBCED00415856 /* MealDetailResponse.swift */; };
/* End PBXBuildFile section */

/* Begin PBXContainerItemProxy section */
		A98AB9892AFC911A00415856 /* PBXContainerItemProxy */ = {
			isa = PBXContainerItemProxy;
			containerPortal = A98AB96F2AFC911800415856 /* Project object */;
			proxyType = 1;
			remoteGlobalIDString = A98AB9762AFC911800415856;
			remoteInfo = FetchRecipes;
		};
		A98AB9932AFC911A00415856 /* PBXContainerItemProxy */ = {
			isa = PBXContainerItemProxy;
			containerPortal = A98AB96F2AFC911800415856 /* Project object */;
			proxyType = 1;
			remoteGlobalIDString = A98AB9762AFC911800415856;
			remoteInfo = FetchRecipes;
		};
/* End PBXContainerItemProxy section */

/* Begin PBXFileReference section */
		A98AB9772AFC911800415856 /* FetchRecipes.app */ = {isa = PBXFileReference; explicitFileType = wrapper.application; includeInIndex = 0; path = FetchRecipes.app; sourceTree = BUILT_PRODUCTS_DIR; };
		A98AB97A2AFC911800415856 /* FetchRecipesApp.swift */ = {isa = PBXFileReference; lastKnownFileType = sourcecode.swift; path = FetchRecipesApp.swift; sourceTree = "<group>"; };
		A98AB97E2AFC911A00415856 /* Assets.xcassets */ = {isa = PBXFileReference; lastKnownFileType = folder.assetcatalog; path = Assets.xcassets; sourceTree = "<group>"; };
		A98AB9802AFC911A00415856 /* FetchRecipes.entitlements */ = {isa = PBXFileReference; lastKnownFileType = text.plist.entitlements; path = FetchRecipes.entitlements; sourceTree = "<group>"; };
		A98AB9822AFC911A00415856 /* Preview Assets.xcassets */ = {isa = PBXFileReference; lastKnownFileType = folder.assetcatalog; path = "Preview Assets.xcassets"; sourceTree = "<group>"; };
		A98AB9882AFC911A00415856 /* FetchRecipesTests.xctest */ = {isa = PBXFileReference; explicitFileType = wrapper.cfbundle; includeInIndex = 0; path = FetchRecipesTests.xctest; sourceTree = BUILT_PRODUCTS_DIR; };
		A98AB98C2AFC911A00415856 /* FetchRecipesTests.swift */ = {isa = PBXFileReference; lastKnownFileType = sourcecode.swift; path = FetchRecipesTests.swift; sourceTree = "<group>"; };
		A98AB9922AFC911A00415856 /* FetchRecipesUITests.xctest */ = {isa = PBXFileReference; explicitFileType = wrapper.cfbundle; includeInIndex = 0; path = FetchRecipesUITests.xctest; sourceTree = BUILT_PRODUCTS_DIR; };
		A98AB9962AFC911A00415856 /* FetchRecipesUITests.swift */ = {isa = PBXFileReference; lastKnownFileType = sourcecode.swift; path = FetchRecipesUITests.swift; sourceTree = "<group>"; };
		A98AB9982AFC911A00415856 /* FetchRecipesUITestsLaunchTests.swift */ = {isa = PBXFileReference; lastKnownFileType = sourcecode.swift; path = FetchRecipesUITestsLaunchTests.swift; sourceTree = "<group>"; };
		A98AB9AB2AFCA24200415856 /* Meal.swift */ = {isa = PBXFileReference; lastKnownFileType = sourcecode.swift; path = Meal.swift; sourceTree = "<group>"; };
		A98AB9AD2AFCA25200415856 /* MealsResponse.swift */ = {isa = PBXFileReference; lastKnownFileType = sourcecode.swift; path = MealsResponse.swift; sourceTree = "<group>"; };
		A98AB9AF2AFCA25E00415856 /* MealDetail.swift */ = {isa = PBXFileReference; lastKnownFileType = sourcecode.swift; path = MealDetail.swift; sourceTree = "<group>"; };
		A98AB9B12AFCA2CF00415856 /* APIService.swift */ = {isa = PBXFileReference; lastKnownFileType = sourcecode.swift; path = APIService.swift; sourceTree = "<group>"; };
		A98AB9B32AFCA3A100415856 /* MealsViewModel.swift */ = {isa = PBXFileReference; lastKnownFileType = sourcecode.swift; path = MealsViewModel.swift; sourceTree = "<group>"; };
		A98AB9B52AFCA3E900415856 /* MealsListView.swift */ = {isa = PBXFileReference; lastKnownFileType = sourcecode.swift; path = MealsListView.swift; sourceTree = "<group>"; };
		A98AB9B72AFCA63500415856 /* MealDetailView.swift */ = {isa = PBXFileReference; lastKnownFileType = sourcecode.swift; path = MealDetailView.swift; sourceTree = "<group>"; };
		A98AB9B92AFCB4DC00415856 /* MealDetailViewModel.swift */ = {isa = PBXFileReference; lastKnownFileType = sourcecode.swift; path = MealDetailViewModel.swift; sourceTree = "<group>"; };
		A98AB9BB2AFCBCED00415856 /* MealDetailResponse.swift */ = {isa = PBXFileReference; lastKnownFileType = sourcecode.swift; path = MealDetailResponse.swift; sourceTree = "<group>"; };
/* End PBXFileReference section */

/* Begin PBXFrameworksBuildPhase section */
		A98AB9742AFC911800415856 /* Frameworks */ = {
			isa = PBXFrameworksBuildPhase;
			buildActionMask = 2147483647;
			files = (
			);
			runOnlyForDeploymentPostprocessing = 0;
		};
		A98AB9852AFC911A00415856 /* Frameworks */ = {
			isa = PBXFrameworksBuildPhase;
			buildActionMask = 2147483647;
			files = (
			);
			runOnlyForDeploymentPostprocessing = 0;
		};
		A98AB98F2AFC911A00415856 /* Frameworks */ = {
			isa = PBXFrameworksBuildPhase;
			buildActionMask = 2147483647;
			files = (
			);
			runOnlyForDeploymentPostprocessing = 0;
		};
/* End PBXFrameworksBuildPhase section */

/* Begin PBXGroup section */
		A98AB96E2AFC911800415856 = {
			isa = PBXGroup;
			children = (
				A98AB9792AFC911800415856 /* FetchRecipes */,
				A98AB98B2AFC911A00415856 /* FetchRecipesTests */,
				A98AB9952AFC911A00415856 /* FetchRecipesUITests */,
				A98AB9782AFC911800415856 /* Products */,
			);
			sourceTree = "<group>";
		};
		A98AB9782AFC911800415856 /* Products */ = {
			isa = PBXGroup;
			children = (
				A98AB9772AFC911800415856 /* FetchRecipes.app */,
				A98AB9882AFC911A00415856 /* FetchRecipesTests.xctest */,
				A98AB9922AFC911A00415856 /* FetchRecipesUITests.xctest */,
			);
			name = Products;
			sourceTree = "<group>";
		};
		A98AB9792AFC911800415856 /* FetchRecipes */ = {
			isa = PBXGroup;
			children = (
				A98AB9AA2AFC917300415856 /* Views */,
				A98AB9A92AFC916900415856 /* Models */,
				A98AB9A82AFC915800415856 /* Services */,
				A98AB9A52AFC912A00415856 /* ViewModels */,
				A98AB97A2AFC911800415856 /* FetchRecipesApp.swift */,
				A98AB97E2AFC911A00415856 /* Assets.xcassets */,
				A98AB9802AFC911A00415856 /* FetchRecipes.entitlements */,
				A98AB9812AFC911A00415856 /* Preview Content */,
			);
			path = FetchRecipes;
			sourceTree = "<group>";
		};
		A98AB9812AFC911A00415856 /* Preview Content */ = {
			isa = PBXGroup;
			children = (
				A98AB9822AFC911A00415856 /* Preview Assets.xcassets */,
			);
			path = "Preview Content";
			sourceTree = "<group>";
		};
		A98AB98B2AFC911A00415856 /* FetchRecipesTests */ = {
			isa = PBXGroup;
			children = (
				A98AB98C2AFC911A00415856 /* FetchRecipesTests.swift */,
			);
			path = FetchRecipesTests;
			sourceTree = "<group>";
		};
		A98AB9952AFC911A00415856 /* FetchRecipesUITests */ = {
			isa = PBXGroup;
			children = (
				A98AB9962AFC911A00415856 /* FetchRecipesUITests.swift */,
				A98AB9982AFC911A00415856 /* FetchRecipesUITestsLaunchTests.swift */,
			);
			path = FetchRecipesUITests;
			sourceTree = "<group>";
		};
		A98AB9A52AFC912A00415856 /* ViewModels */ = {
			isa = PBXGroup;
			children = (
				A98AB9B32AFCA3A100415856 /* MealsViewModel.swift */,
				A98AB9B92AFCB4DC00415856 /* MealDetailViewModel.swift */,
			);
			path = ViewModels;
			sourceTree = "<group>";
		};
		A98AB9A82AFC915800415856 /* Services */ = {
			isa = PBXGroup;
			children = (
				A98AB9B12AFCA2CF00415856 /* APIService.swift */,
			);
			path = Services;
			sourceTree = "<group>";
		};
		A98AB9A92AFC916900415856 /* Models */ = {
			isa = PBXGroup;
			children = (
				A98AB9AB2AFCA24200415856 /* Meal.swift */,
				A98AB9AD2AFCA25200415856 /* MealsResponse.swift */,
				A98AB9AF2AFCA25E00415856 /* MealDetail.swift */,
				A98AB9BB2AFCBCED00415856 /* MealDetailResponse.swift */,
			);
			path = Models;
			sourceTree = "<group>";
		};
		A98AB9AA2AFC917300415856 /* Views */ = {
			isa = PBXGroup;
			children = (
				A98AB9B52AFCA3E900415856 /* MealsListView.swift */,
				A98AB9B72AFCA63500415856 /* MealDetailView.swift */,
			);
			path = Views;
			sourceTree = "<group>";
		};
/* End PBXGroup section */

/* Begin PBXNativeTarget section */
		A98AB9762AFC911800415856 /* FetchRecipes */ = {
			isa = PBXNativeTarget;
			buildConfigurationList = A98AB99C2AFC911A00415856 /* Build configuration list for PBXNativeTarget "FetchRecipes" */;
			buildPhases = (
				A98AB9732AFC911800415856 /* Sources */,
				A98AB9742AFC911800415856 /* Frameworks */,
				A98AB9752AFC911800415856 /* Resources */,
			);
			buildRules = (
			);
			dependencies = (
			);
			name = FetchRecipes;
			productName = FetchRecipes;
			productReference = A98AB9772AFC911800415856 /* FetchRecipes.app */;
			productType = "com.apple.product-type.application";
		};
		A98AB9872AFC911A00415856 /* FetchRecipesTests */ = {
			isa = PBXNativeTarget;
			buildConfigurationList = A98AB99F2AFC911A00415856 /* Build configuration list for PBXNativeTarget "FetchRecipesTests" */;
			buildPhases = (
				A98AB9842AFC911A00415856 /* Sources */,
				A98AB9852AFC911A00415856 /* Frameworks */,
				A98AB9862AFC911A00415856 /* Resources */,
			);
			buildRules = (
			);
			dependencies = (
				A98AB98A2AFC911A00415856 /* PBXTargetDependency */,
			);
			name = FetchRecipesTests;
			productName = FetchRecipesTests;
			productReference = A98AB9882AFC911A00415856 /* FetchRecipesTests.xctest */;
			productType = "com.apple.product-type.bundle.unit-test";
		};
		A98AB9912AFC911A00415856 /* FetchRecipesUITests */ = {
			isa = PBXNativeTarget;
			buildConfigurationList = A98AB9A22AFC911A00415856 /* Build configuration list for PBXNativeTarget "FetchRecipesUITests" */;
			buildPhases = (
				A98AB98E2AFC911A00415856 /* Sources */,
				A98AB98F2AFC911A00415856 /* Frameworks */,
				A98AB9902AFC911A00415856 /* Resources */,
			);
			buildRules = (
			);
			dependencies = (
				A98AB9942AFC911A00415856 /* PBXTargetDependency */,
			);
			name = FetchRecipesUITests;
			productName = FetchRecipesUITests;
			productReference = A98AB9922AFC911A00415856 /* FetchRecipesUITests.xctest */;
			productType = "com.apple.product-type.bundle.ui-testing";
		};
/* End PBXNativeTarget section */

/* Begin PBXProject section */
		A98AB96F2AFC911800415856 /* Project object */ = {
			isa = PBXProject;
			attributes = {
				BuildIndependentTargetsInParallel = 1;
				LastSwiftUpdateCheck = 1500;
				LastUpgradeCheck = 1500;
				TargetAttributes = {
					A98AB9762AFC911800415856 = {
						CreatedOnToolsVersion = 15.0.1;
					};
					A98AB9872AFC911A00415856 = {
						CreatedOnToolsVersion = 15.0.1;
						TestTargetID = A98AB9762AFC911800415856;
					};
					A98AB9912AFC911A00415856 = {
						CreatedOnToolsVersion = 15.0.1;
						TestTargetID = A98AB9762AFC911800415856;
					};
				};
			};
			buildConfigurationList = A98AB9722AFC911800415856 /* Build configuration list for PBXProject "FetchRecipes" */;
			compatibilityVersion = "Xcode 14.0";
			developmentRegion = en;
			hasScannedForEncodings = 0;
			knownRegions = (
				en,
				Base,
			);
			mainGroup = A98AB96E2AFC911800415856;
			productRefGroup = A98AB9782AFC911800415856 /* Products */;
			projectDirPath = "";
			projectRoot = "";
			targets = (
				A98AB9762AFC911800415856 /* FetchRecipes */,
				A98AB9872AFC911A00415856 /* FetchRecipesTests */,
				A98AB9912AFC911A00415856 /* FetchRecipesUITests */,
			);
		};
/* End PBXProject section */

/* Begin PBXResourcesBuildPhase section */
		A98AB9752AFC911800415856 /* Resources */ = {
			isa = PBXResourcesBuildPhase;
			buildActionMask = 2147483647;
			files = (
				A98AB9832AFC911A00415856 /* Preview Assets.xcassets in Resources */,
				A98AB97F2AFC911A00415856 /* Assets.xcassets in Resources */,
			);
			runOnlyForDeploymentPostprocessing = 0;
		};
		A98AB9862AFC911A00415856 /* Resources */ = {
			isa = PBXResourcesBuildPhase;
			buildActionMask = 2147483647;
			files = (
			);
			runOnlyForDeploymentPostprocessing = 0;
		};
		A98AB9902AFC911A00415856 /* Resources */ = {
			isa = PBXResourcesBuildPhase;
			buildActionMask = 2147483647;
			files = (
			);
			runOnlyForDeploymentPostprocessing = 0;
		};
/* End PBXResourcesBuildPhase section */

/* Begin PBXSourcesBuildPhase section */
		A98AB9732AFC911800415856 /* Sources */ = {
			isa = PBXSourcesBuildPhase;
			buildActionMask = 2147483647;
			files = (
				A98AB9B82AFCA63500415856 /* MealDetailView.swift in Sources */,
				A98AB9AC2AFCA24200415856 /* Meal.swift in Sources */,
				A98AB9B22AFCA2CF00415856 /* APIService.swift in Sources */,
				A98AB9B02AFCA25E00415856 /* MealDetail.swift in Sources */,
				A98AB9AE2AFCA25200415856 /* MealsResponse.swift in Sources */,
				A98AB97B2AFC911800415856 /* FetchRecipesApp.swift in Sources */,
				A98AB9BC2AFCBCED00415856 /* MealDetailResponse.swift in Sources */,
				A98AB9B42AFCA3A100415856 /* MealsViewModel.swift in Sources */,
				A98AB9BA2AFCB4DC00415856 /* MealDetailViewModel.swift in Sources */,
				A98AB9B62AFCA3E900415856 /* MealsListView.swift in Sources */,
			);
			runOnlyForDeploymentPostprocessing = 0;
		};
		A98AB9842AFC911A00415856 /* Sources */ = {
			isa = PBXSourcesBuildPhase;
			buildActionMask = 2147483647;
			files = (
				A98AB98D2AFC911A00415856 /* FetchRecipesTests.swift in Sources */,
			);
			runOnlyForDeploymentPostprocessing = 0;
		};
		A98AB98E2AFC911A00415856 /* Sources */ = {
			isa = PBXSourcesBuildPhase;
			buildActionMask = 2147483647;
			files = (
				A98AB9972AFC911A00415856 /* FetchRecipesUITests.swift in Sources */,
				A98AB9992AFC911A00415856 /* FetchRecipesUITestsLaunchTests.swift in Sources */,
			);
			runOnlyForDeploymentPostprocessing = 0;
		};
/* End PBXSourcesBuildPhase section */

/* Begin PBXTargetDependency section */
		A98AB98A2AFC911A00415856 /* PBXTargetDependency */ = {
			isa = PBXTargetDependency;
			target = A98AB9762AFC911800415856 /* FetchRecipes */;
			targetProxy = A98AB9892AFC911A00415856 /* PBXContainerItemProxy */;
		};
		A98AB9942AFC911A00415856 /* PBXTargetDependency */ = {
			isa = PBXTargetDependency;
			target = A98AB9762AFC911800415856 /* FetchRecipes */;
			targetProxy = A98AB9932AFC911A00415856 /* PBXContainerItemProxy */;
		};
/* End PBXTargetDependency section */

/* Begin XCBuildConfiguration section */
		A98AB99A2AFC911A00415856 /* Debug */ = {
			isa = XCBuildConfiguration;
			buildSettings = {
				ALWAYS_SEARCH_USER_PATHS = NO;
				ASSETCATALOG_COMPILER_GENERATE_SWIFT_ASSET_SYMBOL_EXTENSIONS = YES;
				CLANG_ANALYZER_NONNULL = YES;
				CLANG_ANALYZER_NUMBER_OBJECT_CONVERSION = YES_AGGRESSIVE;
				CLANG_CXX_LANGUAGE_STANDARD = "gnu++20";
				CLANG_ENABLE_MODULES = YES;
				CLANG_ENABLE_OBJC_ARC = YES;
				CLANG_ENABLE_OBJC_WEAK = YES;
				CLANG_WARN_BLOCK_CAPTURE_AUTORELEASING = YES;
				CLANG_WARN_BOOL_CONVERSION = YES;
				CLANG_WARN_COMMA = YES;
				CLANG_WARN_CONSTANT_CONVERSION = YES;
				CLANG_WARN_DEPRECATED_OBJC_IMPLEMENTATIONS = YES;
				CLANG_WARN_DIRECT_OBJC_ISA_USAGE = YES_ERROR;
				CLANG_WARN_DOCUMENTATION_COMMENTS = YES;
				CLANG_WARN_EMPTY_BODY = YES;
				CLANG_WARN_ENUM_CONVERSION = YES;
				CLANG_WARN_INFINITE_RECURSION = YES;
				CLANG_WARN_INT_CONVERSION = YES;
				CLANG_WARN_NON_LITERAL_NULL_CONVERSION = YES;
				CLANG_WARN_OBJC_IMPLICIT_RETAIN_SELF = YES;
				CLANG_WARN_OBJC_LITERAL_CONVERSION = YES;
				CLANG_WARN_OBJC_ROOT_CLASS = YES_ERROR;
				CLANG_WARN_QUOTED_INCLUDE_IN_FRAMEWORK_HEADER = YES;
				CLANG_WARN_RANGE_LOOP_ANALYSIS = YES;
				CLANG_WARN_STRICT_PROTOTYPES = YES;
				CLANG_WARN_SUSPICIOUS_MOVE = YES;
				CLANG_WARN_UNGUARDED_AVAILABILITY = YES_AGGRESSIVE;
				CLANG_WARN_UNREACHABLE_CODE = YES;
				CLANG_WARN__DUPLICATE_METHOD_MATCH = YES;
				COPY_PHASE_STRIP = NO;
				DEBUG_INFORMATION_FORMAT = dwarf;
				ENABLE_STRICT_OBJC_MSGSEND = YES;
				ENABLE_TESTABILITY = YES;
				ENABLE_USER_SCRIPT_SANDBOXING = YES;
				GCC_C_LANGUAGE_STANDARD = gnu17;
				GCC_DYNAMIC_NO_PIC = NO;
				GCC_NO_COMMON_BLOCKS = YES;
				GCC_OPTIMIZATION_LEVEL = 0;
				GCC_PREPROCESSOR_DEFINITIONS = (
					"DEBUG=1",
					"$(inherited)",
				);
				GCC_WARN_64_TO_32_BIT_CONVERSION = YES;
				GCC_WARN_ABOUT_RETURN_TYPE = YES_ERROR;
				GCC_WARN_UNDECLARED_SELECTOR = YES;
				GCC_WARN_UNINITIALIZED_AUTOS = YES_AGGRESSIVE;
				GCC_WARN_UNUSED_FUNCTION = YES;
				GCC_WARN_UNUSED_VARIABLE = YES;
				LOCALIZATION_PREFERS_STRING_CATALOGS = YES;
				MTL_ENABLE_DEBUG_INFO = INCLUDE_SOURCE;
				MTL_FAST_MATH = YES;
				ONLY_ACTIVE_ARCH = YES;
				SWIFT_ACTIVE_COMPILATION_CONDITIONS = "DEBUG $(inherited)";
				SWIFT_OPTIMIZATION_LEVEL = "-Onone";
			};
			name = Debug;
		};
		A98AB99B2AFC911A00415856 /* Release */ = {
			isa = XCBuildConfiguration;
			buildSettings = {
				ALWAYS_SEARCH_USER_PATHS = NO;
				ASSETCATALOG_COMPILER_GENERATE_SWIFT_ASSET_SYMBOL_EXTENSIONS = YES;
				CLANG_ANALYZER_NONNULL = YES;
				CLANG_ANALYZER_NUMBER_OBJECT_CONVERSION = YES_AGGRESSIVE;
				CLANG_CXX_LANGUAGE_STANDARD = "gnu++20";
				CLANG_ENABLE_MODULES = YES;
				CLANG_ENABLE_OBJC_ARC = YES;
				CLANG_ENABLE_OBJC_WEAK = YES;
				CLANG_WARN_BLOCK_CAPTURE_AUTORELEASING = YES;
				CLANG_WARN_BOOL_CONVERSION = YES;
				CLANG_WARN_COMMA = YES;
				CLANG_WARN_CONSTANT_CONVERSION = YES;
				CLANG_WARN_DEPRECATED_OBJC_IMPLEMENTATIONS = YES;
				CLANG_WARN_DIRECT_OBJC_ISA_USAGE = YES_ERROR;
				CLANG_WARN_DOCUMENTATION_COMMENTS = YES;
				CLANG_WARN_EMPTY_BODY = YES;
				CLANG_WARN_ENUM_CONVERSION = YES;
				CLANG_WARN_INFINITE_RECURSION = YES;
				CLANG_WARN_INT_CONVERSION = YES;
				CLANG_WARN_NON_LITERAL_NULL_CONVERSION = YES;
				CLANG_WARN_OBJC_IMPLICIT_RETAIN_SELF = YES;
				CLANG_WARN_OBJC_LITERAL_CONVERSION = YES;
				CLANG_WARN_OBJC_ROOT_CLASS = YES_ERROR;
				CLANG_WARN_QUOTED_INCLUDE_IN_FRAMEWORK_HEADER = YES;
				CLANG_WARN_RANGE_LOOP_ANALYSIS = YES;
				CLANG_WARN_STRICT_PROTOTYPES = YES;
				CLANG_WARN_SUSPICIOUS_MOVE = YES;
				CLANG_WARN_UNGUARDED_AVAILABILITY = YES_AGGRESSIVE;
				CLANG_WARN_UNREACHABLE_CODE = YES;
				CLANG_WARN__DUPLICATE_METHOD_MATCH = YES;
				COPY_PHASE_STRIP = NO;
				DEBUG_INFORMATION_FORMAT = "dwarf-with-dsym";
				ENABLE_NS_ASSERTIONS = NO;
				ENABLE_STRICT_OBJC_MSGSEND = YES;
				ENABLE_USER_SCRIPT_SANDBOXING = YES;
				GCC_C_LANGUAGE_STANDARD = gnu17;
				GCC_NO_COMMON_BLOCKS = YES;
				GCC_WARN_64_TO_32_BIT_CONVERSION = YES;
				GCC_WARN_ABOUT_RETURN_TYPE = YES_ERROR;
				GCC_WARN_UNDECLARED_SELECTOR = YES;
				GCC_WARN_UNINITIALIZED_AUTOS = YES_AGGRESSIVE;
				GCC_WARN_UNUSED_FUNCTION = YES;
				GCC_WARN_UNUSED_VARIABLE = YES;
				LOCALIZATION_PREFERS_STRING_CATALOGS = YES;
				MTL_ENABLE_DEBUG_INFO = NO;
				MTL_FAST_MATH = YES;
				SWIFT_COMPILATION_MODE = wholemodule;
			};
			name = Release;
		};
		A98AB99D2AFC911A00415856 /* Debug */ = {
			isa = XCBuildConfiguration;
			buildSettings = {
				ASSETCATALOG_COMPILER_APPICON_NAME = AppIcon;
				ASSETCATALOG_COMPILER_GLOBAL_ACCENT_COLOR_NAME = AccentColor;
				CODE_SIGN_ENTITLEMENTS = FetchRecipes/FetchRecipes.entitlements;
				CODE_SIGN_STYLE = Automatic;
				CURRENT_PROJECT_VERSION = 1;
				DEVELOPMENT_ASSET_PATHS = "\"FetchRecipes/Preview Content\"";
				DEVELOPMENT_TEAM = 9LH57GG343;
				ENABLE_HARDENED_RUNTIME = YES;
				ENABLE_PREVIEWS = YES;
				GENERATE_INFOPLIST_FILE = YES;
				"INFOPLIST_KEY_UIApplicationSceneManifest_Generation[sdk=iphoneos*]" = YES;
				"INFOPLIST_KEY_UIApplicationSceneManifest_Generation[sdk=iphonesimulator*]" = YES;
				"INFOPLIST_KEY_UIApplicationSupportsIndirectInputEvents[sdk=iphoneos*]" = YES;
				"INFOPLIST_KEY_UIApplicationSupportsIndirectInputEvents[sdk=iphonesimulator*]" = YES;
				"INFOPLIST_KEY_UILaunchScreen_Generation[sdk=iphoneos*]" = YES;
				"INFOPLIST_KEY_UILaunchScreen_Generation[sdk=iphonesimulator*]" = YES;
				"INFOPLIST_KEY_UIStatusBarStyle[sdk=iphoneos*]" = UIStatusBarStyleDefault;
				"INFOPLIST_KEY_UIStatusBarStyle[sdk=iphonesimulator*]" = UIStatusBarStyleDefault;
				INFOPLIST_KEY_UISupportedInterfaceOrientations_iPad = "UIInterfaceOrientationPortrait UIInterfaceOrientationPortraitUpsideDown UIInterfaceOrientationLandscapeLeft UIInterfaceOrientationLandscapeRight";
				INFOPLIST_KEY_UISupportedInterfaceOrientations_iPhone = "UIInterfaceOrientationPortrait UIInterfaceOrientationLandscapeLeft UIInterfaceOrientationLandscapeRight";
				IPHONEOS_DEPLOYMENT_TARGET = 17.0;
				LD_RUNPATH_SEARCH_PATHS = "@executable_path/Frameworks";
				"LD_RUNPATH_SEARCH_PATHS[sdk=macosx*]" = "@executable_path/../Frameworks";
				MACOSX_DEPLOYMENT_TARGET = 14.0;
				MARKETING_VERSION = 1.0;
				PRODUCT_BUNDLE_IDENTIFIER = com.codetest.FetchRecipes;
				PRODUCT_NAME = "$(TARGET_NAME)";
				SDKROOT = auto;
				SUPPORTED_PLATFORMS = "iphoneos iphonesimulator macosx";
				SWIFT_EMIT_LOC_STRINGS = YES;
				SWIFT_VERSION = 5.0;
				TARGETED_DEVICE_FAMILY = "1,2";
			};
			name = Debug;
		};
		A98AB99E2AFC911A00415856 /* Release */ = {
			isa = XCBuildConfiguration;
			buildSettings = {
				ASSETCATALOG_COMPILER_APPICON_NAME = AppIcon;
				ASSETCATALOG_COMPILER_GLOBAL_ACCENT_COLOR_NAME = AccentColor;
				CODE_SIGN_ENTITLEMENTS = FetchRecipes/FetchRecipes.entitlements;
				CODE_SIGN_STYLE = Automatic;
				CURRENT_PROJECT_VERSION = 1;
				DEVELOPMENT_ASSET_PATHS = "\"FetchRecipes/Preview Content\"";
				DEVELOPMENT_TEAM = 9LH57GG343;
				ENABLE_HARDENED_RUNTIME = YES;
				ENABLE_PREVIEWS = YES;
				GENERATE_INFOPLIST_FILE = YES;
				"INFOPLIST_KEY_UIApplicationSceneManifest_Generation[sdk=iphoneos*]" = YES;
				"INFOPLIST_KEY_UIApplicationSceneManifest_Generation[sdk=iphonesimulator*]" = YES;
				"INFOPLIST_KEY_UIApplicationSupportsIndirectInputEvents[sdk=iphoneos*]" = YES;
				"INFOPLIST_KEY_UIApplicationSupportsIndirectInputEvents[sdk=iphonesimulator*]" = YES;
				"INFOPLIST_KEY_UILaunchScreen_Generation[sdk=iphoneos*]" = YES;
				"INFOPLIST_KEY_UILaunchScreen_Generation[sdk=iphonesimulator*]" = YES;
				"INFOPLIST_KEY_UIStatusBarStyle[sdk=iphoneos*]" = UIStatusBarStyleDefault;
				"INFOPLIST_KEY_UIStatusBarStyle[sdk=iphonesimulator*]" = UIStatusBarStyleDefault;
				INFOPLIST_KEY_UISupportedInterfaceOrientations_iPad = "UIInterfaceOrientationPortrait UIInterfaceOrientationPortraitUpsideDown UIInterfaceOrientationLandscapeLeft UIInterfaceOrientationLandscapeRight";
				INFOPLIST_KEY_UISupportedInterfaceOrientations_iPhone = "UIInterfaceOrientationPortrait UIInterfaceOrientationLandscapeLeft UIInterfaceOrientationLandscapeRight";
				IPHONEOS_DEPLOYMENT_TARGET = 17.0;
				LD_RUNPATH_SEARCH_PATHS = "@executable_path/Frameworks";
				"LD_RUNPATH_SEARCH_PATHS[sdk=macosx*]" = "@executable_path/../Frameworks";
				MACOSX_DEPLOYMENT_TARGET = 14.0;
				MARKETING_VERSION = 1.0;
				PRODUCT_BUNDLE_IDENTIFIER = com.codetest.FetchRecipes;
				PRODUCT_NAME = "$(TARGET_NAME)";
				SDKROOT = auto;
				SUPPORTED_PLATFORMS = "iphoneos iphonesimulator macosx";
				SWIFT_EMIT_LOC_STRINGS = YES;
				SWIFT_VERSION = 5.0;
				TARGETED_DEVICE_FAMILY = "1,2";
			};
			name = Release;
		};
		A98AB9A02AFC911A00415856 /* Debug */ = {
			isa = XCBuildConfiguration;
			buildSettings = {
				ALWAYS_EMBED_SWIFT_STANDARD_LIBRARIES = YES;
				BUNDLE_LOADER = "$(TEST_HOST)";
				CODE_SIGN_STYLE = Automatic;
				CURRENT_PROJECT_VERSION = 1;
				DEVELOPMENT_TEAM = 9LH57GG343;
				GENERATE_INFOPLIST_FILE = YES;
				IPHONEOS_DEPLOYMENT_TARGET = 17.0;
				MACOSX_DEPLOYMENT_TARGET = 14.0;
				MARKETING_VERSION = 1.0;
				PRODUCT_BUNDLE_IDENTIFIER = com.codetest.FetchRecipesTests;
				PRODUCT_NAME = "$(TARGET_NAME)";
				SDKROOT = auto;
				SUPPORTED_PLATFORMS = "iphoneos iphonesimulator macosx";
				SWIFT_EMIT_LOC_STRINGS = NO;
				SWIFT_VERSION = 5.0;
				TARGETED_DEVICE_FAMILY = "1,2";
				TEST_HOST = "$(BUILT_PRODUCTS_DIR)/FetchRecipes.app/$(BUNDLE_EXECUTABLE_FOLDER_PATH)/FetchRecipes";
			};
			name = Debug;
		};
		A98AB9A12AFC911A00415856 /* Release */ = {
			isa = XCBuildConfiguration;
			buildSettings = {
				ALWAYS_EMBED_SWIFT_STANDARD_LIBRARIES = YES;
				BUNDLE_LOADER = "$(TEST_HOST)";
				CODE_SIGN_STYLE = Automatic;
				CURRENT_PROJECT_VERSION = 1;
				DEVELOPMENT_TEAM = 9LH57GG343;
				GENERATE_INFOPLIST_FILE = YES;
				IPHONEOS_DEPLOYMENT_TARGET = 17.0;
				MACOSX_DEPLOYMENT_TARGET = 14.0;
				MARKETING_VERSION = 1.0;
				PRODUCT_BUNDLE_IDENTIFIER = com.codetest.FetchRecipesTests;
				PRODUCT_NAME = "$(TARGET_NAME)";
				SDKROOT = auto;
				SUPPORTED_PLATFORMS = "iphoneos iphonesimulator macosx";
				SWIFT_EMIT_LOC_STRINGS = NO;
				SWIFT_VERSION = 5.0;
				TARGETED_DEVICE_FAMILY = "1,2";
				TEST_HOST = "$(BUILT_PRODUCTS_DIR)/FetchRecipes.app/$(BUNDLE_EXECUTABLE_FOLDER_PATH)/FetchRecipes";
			};
			name = Release;
		};
		A98AB9A32AFC911A00415856 /* Debug */ = {
			isa = XCBuildConfiguration;
			buildSettings = {
				ALWAYS_EMBED_SWIFT_STANDARD_LIBRARIES = YES;
				CODE_SIGN_STYLE = Automatic;
				CURRENT_PROJECT_VERSION = 1;
				DEVELOPMENT_TEAM = 9LH57GG343;
				GENERATE_INFOPLIST_FILE = YES;
				IPHONEOS_DEPLOYMENT_TARGET = 17.0;
				MACOSX_DEPLOYMENT_TARGET = 14.0;
				MARKETING_VERSION = 1.0;
				PRODUCT_BUNDLE_IDENTIFIER = com.codetest.FetchRecipesUITests;
				PRODUCT_NAME = "$(TARGET_NAME)";
				SDKROOT = auto;
				SUPPORTED_PLATFORMS = "iphoneos iphonesimulator macosx";
				SWIFT_EMIT_LOC_STRINGS = NO;
				SWIFT_VERSION = 5.0;
				TARGETED_DEVICE_FAMILY = "1,2";
				TEST_TARGET_NAME = FetchRecipes;
			};
			name = Debug;
		};
		A98AB9A42AFC911A00415856 /* Release */ = {
			isa = XCBuildConfiguration;
			buildSettings = {
				ALWAYS_EMBED_SWIFT_STANDARD_LIBRARIES = YES;
				CODE_SIGN_STYLE = Automatic;
				CURRENT_PROJECT_VERSION = 1;
				DEVELOPMENT_TEAM = 9LH57GG343;
				GENERATE_INFOPLIST_FILE = YES;
				IPHONEOS_DEPLOYMENT_TARGET = 17.0;
				MACOSX_DEPLOYMENT_TARGET = 14.0;
				MARKETING_VERSION = 1.0;
				PRODUCT_BUNDLE_IDENTIFIER = com.codetest.FetchRecipesUITests;
				PRODUCT_NAME = "$(TARGET_NAME)";
				SDKROOT = auto;
				SUPPORTED_PLATFORMS = "iphoneos iphonesimulator macosx";
				SWIFT_EMIT_LOC_STRINGS = NO;
				SWIFT_VERSION = 5.0;
				TARGETED_DEVICE_FAMILY = "1,2";
				TEST_TARGET_NAME = FetchRecipes;
			};
			name = Release;
		};
/* End XCBuildConfiguration section */

/* Begin XCConfigurationList section */
		A98AB9722AFC911800415856 /* Build configuration list for PBXProject "FetchRecipes" */ = {
			isa = XCConfigurationList;
			buildConfigurations = (
				A98AB99A2AFC911A00415856 /* Debug */,
				A98AB99B2AFC911A00415856 /* Release */,
			);
			defaultConfigurationIsVisible = 0;
			defaultConfigurationName = Release;
		};
		A98AB99C2AFC911A00415856 /* Build configuration list for PBXNativeTarget "FetchRecipes" */ = {
			isa = XCConfigurationList;
			buildConfigurations = (
				A98AB99D2AFC911A00415856 /* Debug */,
				A98AB99E2AFC911A00415856 /* Release */,
			);
			defaultConfigurationIsVisible = 0;
			defaultConfigurationName = Release;
		};
		A98AB99F2AFC911A00415856 /* Build configuration list for PBXNativeTarget "FetchRecipesTests" */ = {
			isa = XCConfigurationList;
			buildConfigurations = (
				A98AB9A02AFC911A00415856 /* Debug */,
				A98AB9A12AFC911A00415856 /* Release */,
			);
			defaultConfigurationIsVisible = 0;
			defaultConfigurationName = Release;
		};
		A98AB9A22AFC911A00415856 /* Build configuration list for PBXNativeTarget "FetchRecipesUITests" */ = {
			isa = XCConfigurationList;
			buildConfigurations = (
				A98AB9A32AFC911A00415856 /* Debug */,
				A98AB9A42AFC911A00415856 /* Release */,
			);
			defaultConfigurationIsVisible = 0;
			defaultConfigurationName = Release;
		};
/* End XCConfigurationList section */
	};
	rootObject = A98AB96F2AFC911800415856 /* Project object */;
}
